
Microsoft Visual Studio Solution File, Format Version 12.00
# Visual Studio Version 16
VisualStudioVersion = 16.0.29411.108
MinimumVisualStudioVersion = 10.0.40219.1
Project("{9A19103F-16F7-4668-BE54-9A1E7A4F7556}") = "Business", "Business\Business.csproj", "{4304BF9B-7961-4DD3-98DB-9B03ED5E5BA3}"
EndProject
Project("{9A19103F-16F7-4668-BE54-9A1E7A4F7556}") = "Core", "Core\Core.csproj", "{76890AA1-9A73-40BF-B664-40278FAD68E0}"
EndProject
Project("{9A19103F-16F7-4668-BE54-9A1E7A4F7556}") = "DataAccess", "DataAccess\DataAccess.csproj", "{3A09BFCD-A623-48A4-A8E3-520A4CA44882}"
EndProject
Project("{9A19103F-16F7-4668-BE54-9A1E7A4F7556}") = "Entities", "Entities\Entities.csproj", "{4E18C5A9-8A2F-4BFB-8ECF-B2F394C71EFE}"
EndProject
Project("{9A19103F-16F7-4668-BE54-9A1E7A4F7556}") = "ConsoleUI", "ConsoleUI\ConsoleUI.csproj", "{774571F1-ECD6-4790-A57D-DAA4D17605BA}"
EndProject
Project("{FAE04EC0-301F-11D3-BF4B-00C04F79EFBC}") = "WebAPI", "WebAPI\WebAPI.csproj", "{5674C299-9D7F-4BF1-B558-8AEDF878492C}"
EndProject
Global
	GlobalSection(SolutionConfigurationPlatforms) = preSolution
		Debug|Any CPU = Debug|Any CPU
		Release|Any CPU = Release|Any CPU
	EndGlobalSection
	GlobalSection(ProjectConfigurationPlatforms) = postSolution
		{4304BF9B-7961-4DD3-98DB-9B03ED5E5BA3}.Debug|Any CPU.ActiveCfg = Debug|Any CPU
		{4304BF9B-7961-4DD3-98DB-9B03ED5E5BA3}.Debug|Any CPU.Build.0 = Debug|Any CPU
		{4304BF9B-7961-4DD3-98DB-9B03ED5E5BA3}.Release|Any CPU.ActiveCfg = Release|Any CPU
		{4304BF9B-7961-4DD3-98DB-9B03ED5E5BA3}.Release|Any CPU.Build.0 = Release|Any CPU
		{76890AA1-9A73-40BF-B664-40278FAD68E0}.Debug|Any CPU.ActiveCfg = Debug|Any CPU
		{76890AA1-9A73-40BF-B664-40278FAD68E0}.Debug|Any CPU.Build.0 = Debug|Any CPU
		{76890AA1-9A73-40BF-B664-40278FAD68E0}.Release|Any CPU.ActiveCfg = Release|Any CPU
		{76890AA1-9A73-40BF-B664-40278FAD68E0}.Release|Any CPU.Build.0 = Release|Any CPU
		{3A09BFCD-A623-48A4-A8E3-520A4CA44882}.Debug|Any CPU.ActiveCfg = Debug|Any CPU
		{3A09BFCD-A623-48A4-A8E3-520A4CA44882}.Debug|Any CPU.Build.0 = Debug|Any CPU
		{3A09BFCD-A623-48A4-A8E3-520A4CA44882}.Release|Any CPU.ActiveCfg = Release|Any CPU
		{3A09BFCD-A623-48A4-A8E3-520A4CA44882}.Release|Any CPU.Build.0 = Release|Any CPU
		{4E18C5A9-8A2F-4BFB-8ECF-B2F394C71EFE}.Debug|Any CPU.ActiveCfg = Debug|Any CPU
		{4E18C5A9-8A2F-4BFB-8ECF-B2F394C71EFE}.Debug|Any CPU.Build.0 = Debug|Any CPU
		{4E18C5A9-8A2F-4BFB-8ECF-B2F394C71EFE}.Release|Any CPU.ActiveCfg = Release|Any CPU
		{4E18C5A9-8A2F-4BFB-8ECF-B2F394C71EFE}.Release|Any CPU.Build.0 = Release|Any CPU
		{774571F1-ECD6-4790-A57D-DAA4D17605BA}.Debug|Any CPU.ActiveCfg = Debug|Any CPU
		{774571F1-ECD6-4790-A57D-DAA4D17605BA}.Debug|Any CPU.Build.0 = Debug|Any CPU
		{774571F1-ECD6-4790-A57D-DAA4D17605BA}.Release|Any CPU.ActiveCfg = Release|Any CPU
		{774571F1-ECD6-4790-A57D-DAA4D17605BA}.Release|Any CPU.Build.0 = Release|Any CPU
		{5674C299-9D7F-4BF1-B558-8AEDF878492C}.Debug|Any CPU.ActiveCfg = Debug|Any CPU
		{5674C299-9D7F-4BF1-B558-8AEDF878492C}.Debug|Any CPU.Build.0 = Debug|Any CPU
		{5674C299-9D7F-4BF1-B558-8AEDF878492C}.Release|Any CPU.ActiveCfg = Release|Any CPU
		{5674C299-9D7F-4BF1-B558-8AEDF878492C}.Release|Any CPU.Build.0 = Release|Any CPU
	EndGlobalSection
	GlobalSection(SolutionProperties) = preSolution
		HideSolutionNode = FALSE
	EndGlobalSection
	GlobalSection(ExtensibilityGlobals) = postSolution
		SolutionGuid = {90BA61BE-7EC1-4288-950E-B0B7CF7891A2}
	EndGlobalSection
EndGlobal
